// !$*UTF8*$!
{
	archiveVersion = 1;
	classes = {
	};
	objectVersion = 77;
	objects = {

/* Begin PBXBuildFile section */
		C953DE6B2E2702B500BFD843 /* SwiftKeychainWrapper in Frameworks */ = {isa = PBXBuildFile; productRef = C953DE6A2E2702B500BFD843 /* SwiftKeychainWrapper */; };
		C953DE832E32B35000BFD843 /* Stripe in Frameworks */ = {isa = PBXBuildFile; productRef = C953DE822E32B35000BFD843 /* Stripe */; };
		C953DE852E32B35000BFD843 /* StripeApplePay in Frameworks */ = {isa = PBXBuildFile; productRef = C953DE842E32B35000BFD843 /* StripeApplePay */; };
		C953DE872E32B35000BFD843 /* StripeCardScan in Frameworks */ = {isa = PBXBuildFile; productRef = C953DE862E32B35000BFD843 /* StripeCardScan */; };
		C953DE892E32B35000BFD843 /* StripeConnect in Frameworks */ = {isa = PBXBuildFile; productRef = C953DE882E32B35000BFD843 /* StripeConnect */; };
		C953DE8B2E32B35000BFD843 /* StripeFinancialConnections in Frameworks */ = {isa = PBXBuildFile; productRef = C953DE8A2E32B35000BFD843 /* StripeFinancialConnections */; };
		C953DE8D2E32B4DE00BFD843 /* StripePaymentSheet in Frameworks */ = {isa = PBXBuildFile; productRef = C953DE8C2E32B4DE00BFD843 /* StripePaymentSheet */; };
/* End PBXBuildFile section */

/* Begin PBXContainerItemProxy section */
		C9340AE12E0B7845003615EC /* PBXContainerItemProxy */ = {
			isa = PBXContainerItemProxy;
			containerPortal = C9340ACB2E0B7844003615EC /* Project object */;
			proxyType = 1;
			remoteGlobalIDString = C9340AD22E0B7844003615EC;
			remoteInfo = Bidangil;
		};
		C9340AEB2E0B7845003615EC /* PBXContainerItemProxy */ = {
			isa = PBXContainerItemProxy;
			containerPortal = C9340ACB2E0B7844003615EC /* Project object */;
			proxyType = 1;
			remoteGlobalIDString = C9340AD22E0B7844003615EC;
			remoteInfo = Bidangil;
		};
/* End PBXContainerItemProxy section */

/* Begin PBXFileReference section */
		C9340AD32E0B7844003615EC /* Bidangil.app */ = {isa = PBXFileReference; explicitFileType = wrapper.application; includeInIndex = 0; path = Bidangil.app; sourceTree = BUILT_PRODUCTS_DIR; };
		C9340AE02E0B7845003615EC /* BidangilTests.xctest */ = {isa = PBXFileReference; explicitFileType = wrapper.cfbundle; includeInIndex = 0; path = BidangilTests.xctest; sourceTree = BUILT_PRODUCTS_DIR; };
		C9340AEA2E0B7845003615EC /* BidangilUITests.xctest */ = {isa = PBXFileReference; explicitFileType = wrapper.cfbundle; includeInIndex = 0; path = BidangilUITests.xctest; sourceTree = BUILT_PRODUCTS_DIR; };
/* End PBXFileReference section */

/* Begin PBXFileSystemSynchronizedRootGroup section */
		C9340AD52E0B7844003615EC /* Bidangil */ = {
			isa = PBXFileSystemSynchronizedRootGroup;
			path = Bidangil;
			sourceTree = "<group>";
		};
		C9340AE32E0B7845003615EC /* BidangilTests */ = {
			isa = PBXFileSystemSynchronizedRootGroup;
			path = BidangilTests;
			sourceTree = "<group>";
		};
		C9340AED2E0B7845003615EC /* BidangilUITests */ = {
			isa = PBXFileSystemSynchronizedRootGroup;
			path = BidangilUITests;
			sourceTree = "<group>";
		};
/* End PBXFileSystemSynchronizedRootGroup section */

/* Begin PBXFrameworksBuildPhase section */
		C9340AD02E0B7844003615EC /* Frameworks */ = {
			isa = PBXFrameworksBuildPhase;
			buildActionMask = 2147483647;
			files = (
				C953DE872E32B35000BFD843 /* StripeCardScan in Frameworks */,
				C953DE8B2E32B35000BFD843 /* StripeFinancialConnections in Frameworks */,
				C953DE852E32B35000BFD843 /* StripeApplePay in Frameworks */,
				C953DE6B2E2702B500BFD843 /* SwiftKeychainWrapper in Frameworks */,
				C953DE8D2E32B4DE00BFD843 /* StripePaymentSheet in Frameworks */,
				C953DE832E32B35000BFD843 /* Stripe in Frameworks */,
				C953DE892E32B35000BFD843 /* StripeConnect in Frameworks */,
			);
			runOnlyForDeploymentPostprocessing = 0;
		};
		C9340ADD2E0B7845003615EC /* Frameworks */ = {
			isa = PBXFrameworksBuildPhase;
			buildActionMask = 2147483647;
			files = (
			);
			runOnlyForDeploymentPostprocessing = 0;
		};
		C9340AE72E0B7845003615EC /* Frameworks */ = {
			isa = PBXFrameworksBuildPhase;
			buildActionMask = 2147483647;
			files = (
			);
			runOnlyForDeploymentPostprocessing = 0;
		};
/* End PBXFrameworksBuildPhase section */

/* Begin PBXGroup section */
		C9340ACA2E0B7844003615EC = {
			isa = PBXGroup;
			children = (
				C9340AD52E0B7844003615EC /* Bidangil */,
				C9340AE32E0B7845003615EC /* BidangilTests */,
				C9340AED2E0B7845003615EC /* BidangilUITests */,
				C9340AD42E0B7844003615EC /* Products */,
			);
			sourceTree = "<group>";
		};
		C9340AD42E0B7844003615EC /* Products */ = {
			isa = PBXGroup;
			children = (
				C9340AD32E0B7844003615EC /* Bidangil.app */,
				C9340AE02E0B7845003615EC /* BidangilTests.xctest */,
				C9340AEA2E0B7845003615EC /* BidangilUITests.xctest */,
			);
			name = Products;
			sourceTree = "<group>";
		};
/* End PBXGroup section */

/* Begin PBXNativeTarget section */
		C9340AD22E0B7844003615EC /* Bidangil */ = {
			isa = PBXNativeTarget;
			buildConfigurationList = C9340AF42E0B7845003615EC /* Build configuration list for PBXNativeTarget "Bidangil" */;
			buildPhases = (
				C9340ACF2E0B7844003615EC /* Sources */,
				C9340AD02E0B7844003615EC /* Frameworks */,
				C9340AD12E0B7844003615EC /* Resources */,
			);
			buildRules = (
			);
			dependencies = (
			);
			fileSystemSynchronizedGroups = (
				C9340AD52E0B7844003615EC /* Bidangil */,
			);
			name = Bidangil;
			packageProductDependencies = (
				C953DE6A2E2702B500BFD843 /* SwiftKeychainWrapper */,
				C953DE822E32B35000BFD843 /* Stripe */,
				C953DE842E32B35000BFD843 /* StripeApplePay */,
				C953DE862E32B35000BFD843 /* StripeCardScan */,
				C953DE882E32B35000BFD843 /* StripeConnect */,
				C953DE8A2E32B35000BFD843 /* StripeFinancialConnections */,
				C953DE8C2E32B4DE00BFD843 /* StripePaymentSheet */,
			);
			productName = Bidangil;
			productReference = C9340AD32E0B7844003615EC /* Bidangil.app */;
			productType = "com.apple.product-type.application";
		};
		C9340ADF2E0B7845003615EC /* BidangilTests */ = {
			isa = PBXNativeTarget;
			buildConfigurationList = C9340AF72E0B7845003615EC /* Build configuration list for PBXNativeTarget "BidangilTests" */;
			buildPhases = (
				C9340ADC2E0B7845003615EC /* Sources */,
				C9340ADD2E0B7845003615EC /* Frameworks */,
				C9340ADE2E0B7845003615EC /* Resources */,
			);
			buildRules = (
			);
			dependencies = (
				C9340AE22E0B7845003615EC /* PBXTargetDependency */,
			);
			fileSystemSynchronizedGroups = (
				C9340AE32E0B7845003615EC /* BidangilTests */,
			);
			name = BidangilTests;
			packageProductDependencies = (
			);
			productName = BidangilTests;
			productReference = C9340AE02E0B7845003615EC /* BidangilTests.xctest */;
			productType = "com.apple.product-type.bundle.unit-test";
		};
		C9340AE92E0B7845003615EC /* BidangilUITests */ = {
			isa = PBXNativeTarget;
			buildConfigurationList = C9340AFA2E0B7845003615EC /* Build configuration list for PBXNativeTarget "BidangilUITests" */;
			buildPhases = (
				C9340AE62E0B7845003615EC /* Sources */,
				C9340AE72E0B7845003615EC /* Frameworks */,
				C9340AE82E0B7845003615EC /* Resources */,
			);
			buildRules = (
			);
			dependencies = (
				C9340AEC2E0B7845003615EC /* PBXTargetDependency */,
			);
			fileSystemSynchronizedGroups = (
				C9340AED2E0B7845003615EC /* BidangilUITests */,
			);
			name = BidangilUITests;
			packageProductDependencies = (
			);
			productName = BidangilUITests;
			productReference = C9340AEA2E0B7845003615EC /* BidangilUITests.xctest */;
			productType = "com.apple.product-type.bundle.ui-testing";
		};
/* End PBXNativeTarget section */

/* Begin PBXProject section */
		C9340ACB2E0B7844003615EC /* Project object */ = {
			isa = PBXProject;
			attributes = {
				BuildIndependentTargetsInParallel = 1;
				LastSwiftUpdateCheck = 1630;
				LastUpgradeCheck = 1630;
				TargetAttributes = {
					C9340AD22E0B7844003615EC = {
						CreatedOnToolsVersion = 16.3;
					};
					C9340ADF2E0B7845003615EC = {
						CreatedOnToolsVersion = 16.3;
						TestTargetID = C9340AD22E0B7844003615EC;
					};
					C9340AE92E0B7845003615EC = {
						CreatedOnToolsVersion = 16.3;
						TestTargetID = C9340AD22E0B7844003615EC;
					};
				};
			};
			buildConfigurationList = C9340ACE2E0B7844003615EC /* Build configuration list for PBXProject "Bidangil" */;
			developmentRegion = en;
			hasScannedForEncodings = 0;
			knownRegions = (
				en,
				Base,
			);
			mainGroup = C9340ACA2E0B7844003615EC;
			minimizedProjectReferenceProxies = 1;
			packageReferences = (
				C953DE692E27027400BFD843 /* XCRemoteSwiftPackageReference "SwiftKeychainWrapper" */,
				C953DE812E32B24100BFD843 /* XCRemoteSwiftPackageReference "stripe-ios-spm" */,
			);
			preferredProjectObjectVersion = 77;
			productRefGroup = C9340AD42E0B7844003615EC /* Products */;
			projectDirPath = "";
			projectRoot = "";
			targets = (
				C9340AD22E0B7844003615EC /* Bidangil */,
				C9340ADF2E0B7845003615EC /* BidangilTests */,
				C9340AE92E0B7845003615EC /* BidangilUITests */,
			);
		};
/* End PBXProject section */

/* Begin PBXResourcesBuildPhase section */
		C9340AD12E0B7844003615EC /* Resources */ = {
			isa = PBXResourcesBuildPhase;
			buildActionMask = 2147483647;
			files = (
			);
			runOnlyForDeploymentPostprocessing = 0;
		};
		C9340ADE2E0B7845003615EC /* Resources */ = {
			isa = PBXResourcesBuildPhase;
			buildActionMask = 2147483647;
			files = (
			);
			runOnlyForDeploymentPostprocessing = 0;
		};
		C9340AE82E0B7845003615EC /* Resources */ = {
			isa = PBXResourcesBuildPhase;
			buildActionMask = 2147483647;
			files = (
			);
			runOnlyForDeploymentPostprocessing = 0;
		};
/* End PBXResourcesBuildPhase section */

/* Begin PBXSourcesBuildPhase section */
		C9340ACF2E0B7844003615EC /* Sources */ = {
			isa = PBXSourcesBuildPhase;
			buildActionMask = 2147483647;
			files = (
			);
			runOnlyForDeploymentPostprocessing = 0;
		};
		C9340ADC2E0B7845003615EC /* Sources */ = {
			isa = PBXSourcesBuildPhase;
			buildActionMask = 2147483647;
			files = (
			);
			runOnlyForDeploymentPostprocessing = 0;
		};
		C9340AE62E0B7845003615EC /* Sources */ = {
			isa = PBXSourcesBuildPhase;
			buildActionMask = 2147483647;
			files = (
			);
			runOnlyForDeploymentPostprocessing = 0;
		};
/* End PBXSourcesBuildPhase section */

/* Begin PBXTargetDependency section */
		C9340AE22E0B7845003615EC /* PBXTargetDependency */ = {
			isa = PBXTargetDependency;
			target = C9340AD22E0B7844003615EC /* Bidangil */;
			targetProxy = C9340AE12E0B7845003615EC /* PBXContainerItemProxy */;
		};
		C9340AEC2E0B7845003615EC /* PBXTargetDependency */ = {
			isa = PBXTargetDependency;
			target = C9340AD22E0B7844003615EC /* Bidangil */;
			targetProxy = C9340AEB2E0B7845003615EC /* PBXContainerItemProxy */;
		};
/* End PBXTargetDependency section */

/* Begin XCBuildConfiguration section */
		C9340AF22E0B7845003615EC /* Debug */ = {
			isa = XCBuildConfiguration;
			buildSettings = {
				ALWAYS_SEARCH_USER_PATHS = NO;
				ASSETCATALOG_COMPILER_GENERATE_SWIFT_ASSET_SYMBOL_EXTENSIONS = YES;
				CLANG_ANALYZER_NONNULL = YES;
				CLANG_ANALYZER_NUMBER_OBJECT_CONVERSION = YES_AGGRESSIVE;
				CLANG_CXX_LANGUAGE_STANDARD = "gnu++20";
				CLANG_ENABLE_MODULES = YES;
				CLANG_ENABLE_OBJC_ARC = YES;
				CLANG_ENABLE_OBJC_WEAK = YES;
				CLANG_WARN_BLOCK_CAPTURE_AUTORELEASING = YES;
				CLANG_WARN_BOOL_CONVERSION = YES;
				CLANG_WARN_COMMA = YES;
				CLANG_WARN_CONSTANT_CONVERSION = YES;
				CLANG_WARN_DEPRECATED_OBJC_IMPLEMENTATIONS = YES;
				CLANG_WARN_DIRECT_OBJC_ISA_USAGE = YES_ERROR;
				CLANG_WARN_DOCUMENTATION_COMMENTS = YES;
				CLANG_WARN_EMPTY_BODY = YES;
				CLANG_WARN_ENUM_CONVERSION = YES;
				CLANG_WARN_INFINITE_RECURSION = YES;
				CLANG_WARN_INT_CONVERSION = YES;
				CLANG_WARN_NON_LITERAL_NULL_CONVERSION = YES;
				CLANG_WARN_OBJC_IMPLICIT_RETAIN_SELF = YES;
				CLANG_WARN_OBJC_LITERAL_CONVERSION = YES;
				CLANG_WARN_OBJC_ROOT_CLASS = YES_ERROR;
				CLANG_WARN_QUOTED_INCLUDE_IN_FRAMEWORK_HEADER = YES;
				CLANG_WARN_RANGE_LOOP_ANALYSIS = YES;
				CLANG_WARN_STRICT_PROTOTYPES = YES;
				CLANG_WARN_SUSPICIOUS_MOVE = YES;
				CLANG_WARN_UNGUARDED_AVAILABILITY = YES_AGGRESSIVE;
				CLANG_WARN_UNREACHABLE_CODE = YES;
				CLANG_WARN__DUPLICATE_METHOD_MATCH = YES;
				COPY_PHASE_STRIP = NO;
				DEBUG_INFORMATION_FORMAT = dwarf;
				ENABLE_STRICT_OBJC_MSGSEND = YES;
				ENABLE_TESTABILITY = YES;
				ENABLE_USER_SCRIPT_SANDBOXING = YES;
				GCC_C_LANGUAGE_STANDARD = gnu17;
				GCC_DYNAMIC_NO_PIC = NO;
				GCC_NO_COMMON_BLOCKS = YES;
				GCC_OPTIMIZATION_LEVEL = 0;
				GCC_PREPROCESSOR_DEFINITIONS = (
					"DEBUG=1",
					"$(inherited)",
				);
				GCC_WARN_64_TO_32_BIT_CONVERSION = YES;
				GCC_WARN_ABOUT_RETURN_TYPE = YES_ERROR;
				GCC_WARN_UNDECLARED_SELECTOR = YES;
				GCC_WARN_UNINITIALIZED_AUTOS = YES_AGGRESSIVE;
				GCC_WARN_UNUSED_FUNCTION = YES;
				GCC_WARN_UNUSED_VARIABLE = YES;
				IPHONEOS_DEPLOYMENT_TARGET = 18.4;
				LOCALIZATION_PREFERS_STRING_CATALOGS = YES;
				MTL_ENABLE_DEBUG_INFO = INCLUDE_SOURCE;
				MTL_FAST_MATH = YES;
				ONLY_ACTIVE_ARCH = YES;
				SDKROOT = iphoneos;
				SWIFT_ACTIVE_COMPILATION_CONDITIONS = "DEBUG $(inherited)";
				SWIFT_OPTIMIZATION_LEVEL = "-Onone";
			};
			name = Debug;
		};
		C9340AF32E0B7845003615EC /* Release */ = {
			isa = XCBuildConfiguration;
			buildSettings = {
				ALWAYS_SEARCH_USER_PATHS = NO;
				ASSETCATALOG_COMPILER_GENERATE_SWIFT_ASSET_SYMBOL_EXTENSIONS = YES;
				CLANG_ANALYZER_NONNULL = YES;
				CLANG_ANALYZER_NUMBER_OBJECT_CONVERSION = YES_AGGRESSIVE;
				CLANG_CXX_LANGUAGE_STANDARD = "gnu++20";
				CLANG_ENABLE_MODULES = YES;
				CLANG_ENABLE_OBJC_ARC = YES;
				CLANG_ENABLE_OBJC_WEAK = YES;
				CLANG_WARN_BLOCK_CAPTURE_AUTORELEASING = YES;
				CLANG_WARN_BOOL_CONVERSION = YES;
				CLANG_WARN_COMMA = YES;
				CLANG_WARN_CONSTANT_CONVERSION = YES;
				CLANG_WARN_DEPRECATED_OBJC_IMPLEMENTATIONS = YES;
				CLANG_WARN_DIRECT_OBJC_ISA_USAGE = YES_ERROR;
				CLANG_WARN_DOCUMENTATION_COMMENTS = YES;
				CLANG_WARN_EMPTY_BODY = YES;
				CLANG_WARN_ENUM_CONVERSION = YES;
				CLANG_WARN_INFINITE_RECURSION = YES;
				CLANG_WARN_INT_CONVERSION = YES;
				CLANG_WARN_NON_LITERAL_NULL_CONVERSION = YES;
				CLANG_WARN_OBJC_IMPLICIT_RETAIN_SELF = YES;
				CLANG_WARN_OBJC_LITERAL_CONVERSION = YES;
				CLANG_WARN_OBJC_ROOT_CLASS = YES_ERROR;
				CLANG_WARN_QUOTED_INCLUDE_IN_FRAMEWORK_HEADER = YES;
				CLANG_WARN_RANGE_LOOP_ANALYSIS = YES;
				CLANG_WARN_STRICT_PROTOTYPES = YES;
				CLANG_WARN_SUSPICIOUS_MOVE = YES;
				CLANG_WARN_UNGUARDED_AVAILABILITY = YES_AGGRESSIVE;
				CLANG_WARN_UNREACHABLE_CODE = YES;
				CLANG_WARN__DUPLICATE_METHOD_MATCH = YES;
				COPY_PHASE_STRIP = NO;
				DEBUG_INFORMATION_FORMAT = "dwarf-with-dsym";
				ENABLE_NS_ASSERTIONS = NO;
				ENABLE_STRICT_OBJC_MSGSEND = YES;
				ENABLE_USER_SCRIPT_SANDBOXING = YES;
				GCC_C_LANGUAGE_STANDARD = gnu17;
				GCC_NO_COMMON_BLOCKS = YES;
				GCC_WARN_64_TO_32_BIT_CONVERSION = YES;
				GCC_WARN_ABOUT_RETURN_TYPE = YES_ERROR;
				GCC_WARN_UNDECLARED_SELECTOR = YES;
				GCC_WARN_UNINITIALIZED_AUTOS = YES_AGGRESSIVE;
				GCC_WARN_UNUSED_FUNCTION = YES;
				GCC_WARN_UNUSED_VARIABLE = YES;
				IPHONEOS_DEPLOYMENT_TARGET = 18.4;
				LOCALIZATION_PREFERS_STRING_CATALOGS = YES;
				MTL_ENABLE_DEBUG_INFO = NO;
				MTL_FAST_MATH = YES;
				SDKROOT = iphoneos;
				SWIFT_COMPILATION_MODE = wholemodule;
				VALIDATE_PRODUCT = YES;
			};
			name = Release;
		};
		C9340AF52E0B7845003615EC /* Debug */ = {
			isa = XCBuildConfiguration;
			buildSettings = {
				ASSETCATALOG_COMPILER_APPICON_NAME = AppIcon;
				ASSETCATALOG_COMPILER_GLOBAL_ACCENT_COLOR_NAME = AccentColor;
				CODE_SIGN_STYLE = Automatic;
				CURRENT_PROJECT_VERSION = 1;
				ENABLE_PREVIEWS = YES;
				GENERATE_INFOPLIST_FILE = YES;
				INFOPLIST_KEY_UIApplicationSceneManifest_Generation = YES;
				INFOPLIST_KEY_UIApplicationSupportsIndirectInputEvents = YES;
				INFOPLIST_KEY_UILaunchScreen_Generation = YES;
				INFOPLIST_KEY_UISupportedInterfaceOrientations_iPad = "UIInterfaceOrientationPortrait UIInterfaceOrientationPortraitUpsideDown UIInterfaceOrientationLandscapeLeft UIInterfaceOrientationLandscapeRight";
				INFOPLIST_KEY_UISupportedInterfaceOrientations_iPhone = "UIInterfaceOrientationPortrait UIInterfaceOrientationLandscapeLeft UIInterfaceOrientationLandscapeRight";
				LD_RUNPATH_SEARCH_PATHS = (
					"$(inherited)",
					"@executable_path/Frameworks",
				);
				MARKETING_VERSION = 1.0;
				PRODUCT_BUNDLE_IDENTIFIER = co.bidangil.Bidangil;
				PRODUCT_NAME = "$(TARGET_NAME)";
				SWIFT_EMIT_LOC_STRINGS = YES;
				SWIFT_VERSION = 5.0;
				TARGETED_DEVICE_FAMILY = "1,2";
			};
			name = Debug;
		};
		C9340AF62E0B7845003615EC /* Release */ = {
			isa = XCBuildConfiguration;
			buildSettings = {
				ASSETCATALOG_COMPILER_APPICON_NAME = AppIcon;
				ASSETCATALOG_COMPILER_GLOBAL_ACCENT_COLOR_NAME = AccentColor;
				CODE_SIGN_STYLE = Automatic;
				CURRENT_PROJECT_VERSION = 1;
				ENABLE_PREVIEWS = YES;
				GENERATE_INFOPLIST_FILE = YES;
				INFOPLIST_KEY_UIApplicationSceneManifest_Generation = YES;
				INFOPLIST_KEY_UIApplicationSupportsIndirectInputEvents = YES;
				INFOPLIST_KEY_UILaunchScreen_Generation = YES;
				INFOPLIST_KEY_UISupportedInterfaceOrientations_iPad = "UIInterfaceOrientationPortrait UIInterfaceOrientationPortraitUpsideDown UIInterfaceOrientationLandscapeLeft UIInterfaceOrientationLandscapeRight";
				INFOPLIST_KEY_UISupportedInterfaceOrientations_iPhone = "UIInterfaceOrientationPortrait UIInterfaceOrientationLandscapeLeft UIInterfaceOrientationLandscapeRight";
				LD_RUNPATH_SEARCH_PATHS = (
					"$(inherited)",
					"@executable_path/Frameworks",
				);
				MARKETING_VERSION = 1.0;
				PRODUCT_BUNDLE_IDENTIFIER = co.bidangil.Bidangil;
				PRODUCT_NAME = "$(TARGET_NAME)";
				SWIFT_EMIT_LOC_STRINGS = YES;
				SWIFT_VERSION = 5.0;
				TARGETED_DEVICE_FAMILY = "1,2";
			};
			name = Release;
		};
		C9340AF82E0B7845003615EC /* Debug */ = {
			isa = XCBuildConfiguration;
			buildSettings = {
				BUNDLE_LOADER = "$(TEST_HOST)";
				CODE_SIGN_STYLE = Automatic;
				CURRENT_PROJECT_VERSION = 1;
				GENERATE_INFOPLIST_FILE = YES;
				IPHONEOS_DEPLOYMENT_TARGET = 18.4;
				MARKETING_VERSION = 1.0;
				PRODUCT_BUNDLE_IDENTIFIER = co.bidangil.BidangilTests;
				PRODUCT_NAME = "$(TARGET_NAME)";
				SWIFT_EMIT_LOC_STRINGS = NO;
				SWIFT_VERSION = 5.0;
				TARGETED_DEVICE_FAMILY = "1,2";
				TEST_HOST = "$(BUILT_PRODUCTS_DIR)/Bidangil.app/$(BUNDLE_EXECUTABLE_FOLDER_PATH)/Bidangil";
			};
			name = Debug;
		};
		C9340AF92E0B7845003615EC /* Release */ = {
			isa = XCBuildConfiguration;
			buildSettings = {
				BUNDLE_LOADER = "$(TEST_HOST)";
				CODE_SIGN_STYLE = Automatic;
				CURRENT_PROJECT_VERSION = 1;
				GENERATE_INFOPLIST_FILE = YES;
				IPHONEOS_DEPLOYMENT_TARGET = 18.4;
				MARKETING_VERSION = 1.0;
				PRODUCT_BUNDLE_IDENTIFIER = co.bidangil.BidangilTests;
				PRODUCT_NAME = "$(TARGET_NAME)";
				SWIFT_EMIT_LOC_STRINGS = NO;
				SWIFT_VERSION = 5.0;
				TARGETED_DEVICE_FAMILY = "1,2";
				TEST_HOST = "$(BUILT_PRODUCTS_DIR)/Bidangil.app/$(BUNDLE_EXECUTABLE_FOLDER_PATH)/Bidangil";
			};
			name = Release;
		};
		C9340AFB2E0B7845003615EC /* Debug */ = {
			isa = XCBuildConfiguration;
			buildSettings = {
				CODE_SIGN_STYLE = Automatic;
				CURRENT_PROJECT_VERSION = 1;
				GENERATE_INFOPLIST_FILE = YES;
				MARKETING_VERSION = 1.0;
				PRODUCT_BUNDLE_IDENTIFIER = co.bidangil.BidangilUITests;
				PRODUCT_NAME = "$(TARGET_NAME)";
				SWIFT_EMIT_LOC_STRINGS = NO;
				SWIFT_VERSION = 5.0;
				TARGETED_DEVICE_FAMILY = "1,2";
				TEST_TARGET_NAME = Bidangil;
			};
			name = Debug;
		};
		C9340AFC2E0B7845003615EC /* Release */ = {
			isa = XCBuildConfiguration;
			buildSettings = {
				CODE_SIGN_STYLE = Automatic;
				CURRENT_PROJECT_VERSION = 1;
				GENERATE_INFOPLIST_FILE = YES;
				MARKETING_VERSION = 1.0;
				PRODUCT_BUNDLE_IDENTIFIER = co.bidangil.BidangilUITests;
				PRODUCT_NAME = "$(TARGET_NAME)";
				SWIFT_EMIT_LOC_STRINGS = NO;
				SWIFT_VERSION = 5.0;
				TARGETED_DEVICE_FAMILY = "1,2";
				TEST_TARGET_NAME = Bidangil;
			};
			name = Release;
		};
/* End XCBuildConfiguration section */

/* Begin XCConfigurationList section */
		C9340ACE2E0B7844003615EC /* Build configuration list for PBXProject "Bidangil" */ = {
			isa = XCConfigurationList;
			buildConfigurations = (
				C9340AF22E0B7845003615EC /* Debug */,
				C9340AF32E0B7845003615EC /* Release */,
			);
			defaultConfigurationIsVisible = 0;
			defaultConfigurationName = Release;
		};
		C9340AF42E0B7845003615EC /* Build configuration list for PBXNativeTarget "Bidangil" */ = {
			isa = XCConfigurationList;
			buildConfigurations = (
				C9340AF52E0B7845003615EC /* Debug */,
				C9340AF62E0B7845003615EC /* Release */,
			);
			defaultConfigurationIsVisible = 0;
			defaultConfigurationName = Release;
		};
		C9340AF72E0B7845003615EC /* Build configuration list for PBXNativeTarget "BidangilTests" */ = {
			isa = XCConfigurationList;
			buildConfigurations = (
				C9340AF82E0B7845003615EC /* Debug */,
				C9340AF92E0B7845003615EC /* Release */,
			);
			defaultConfigurationIsVisible = 0;
			defaultConfigurationName = Release;
		};
		C9340AFA2E0B7845003615EC /* Build configuration list for PBXNativeTarget "BidangilUITests" */ = {
			isa = XCConfigurationList;
			buildConfigurations = (
				C9340AFB2E0B7845003615EC /* Debug */,
				C9340AFC2E0B7845003615EC /* Release */,
			);
			defaultConfigurationIsVisible = 0;
			defaultConfigurationName = Release;
		};
/* End XCConfigurationList section */

/* Begin XCRemoteSwiftPackageReference section */
		C953DE692E27027400BFD843 /* XCRemoteSwiftPackageReference "SwiftKeychainWrapper" */ = {
			isa = XCRemoteSwiftPackageReference;
			repositoryURL = "https://github.com/jrendel/SwiftKeychainWrapper";
			requirement = {
				kind = upToNextMajorVersion;
				minimumVersion = 4.0.1;
			};
		};
		C953DE812E32B24100BFD843 /* XCRemoteSwiftPackageReference "stripe-ios-spm" */ = {
			isa = XCRemoteSwiftPackageReference;
			repositoryURL = "https://github.com/stripe/stripe-ios-spm";
			requirement = {
				kind = upToNextMajorVersion;
				minimumVersion = 24.17.0;
			};
		};
/* End XCRemoteSwiftPackageReference section */

/* Begin XCSwiftPackageProductDependency section */
		C953DE6A2E2702B500BFD843 /* SwiftKeychainWrapper */ = {
			isa = XCSwiftPackageProductDependency;
			package = C953DE692E27027400BFD843 /* XCRemoteSwiftPackageReference "SwiftKeychainWrapper" */;
			productName = SwiftKeychainWrapper;
		};
		C953DE822E32B35000BFD843 /* Stripe */ = {
			isa = XCSwiftPackageProductDependency;
			package = C953DE812E32B24100BFD843 /* XCRemoteSwiftPackageReference "stripe-ios-spm" */;
			productName = Stripe;
		};
		C953DE842E32B35000BFD843 /* StripeApplePay */ = {
			isa = XCSwiftPackageProductDependency;
			package = C953DE812E32B24100BFD843 /* XCRemoteSwiftPackageReference "stripe-ios-spm" */;
			productName = StripeApplePay;
		};
		C953DE862E32B35000BFD843 /* StripeCardScan */ = {
			isa = XCSwiftPackageProductDependency;
			package = C953DE812E32B24100BFD843 /* XCRemoteSwiftPackageReference "stripe-ios-spm" */;
			productName = StripeCardScan;
		};
		C953DE882E32B35000BFD843 /* StripeConnect */ = {
			isa = XCSwiftPackageProductDependency;
			package = C953DE812E32B24100BFD843 /* XCRemoteSwiftPackageReference "stripe-ios-spm" */;
			productName = StripeConnect;
		};
		C953DE8A2E32B35000BFD843 /* StripeFinancialConnections */ = {
			isa = XCSwiftPackageProductDependency;
			package = C953DE812E32B24100BFD843 /* XCRemoteSwiftPackageReference "stripe-ios-spm" */;
			productName = StripeFinancialConnections;
		};
		C953DE8C2E32B4DE00BFD843 /* StripePaymentSheet */ = {
			isa = XCSwiftPackageProductDependency;
			package = C953DE812E32B24100BFD843 /* XCRemoteSwiftPackageReference "stripe-ios-spm" */;
			productName = StripePaymentSheet;
		};
/* End XCSwiftPackageProductDependency section */
	};
	rootObject = C9340ACB2E0B7844003615EC /* Project object */;
}
